
Microsoft Visual Studio Solution File, Format Version 12.00
# Visual Studio 15
VisualStudioVersion = 15.0.28307.421
MinimumVisualStudioVersion = 10.0.40219.1
Project("{FAE04EC0-301F-11D3-BF4B-00C04F79EFBC}") = "Supervisor.NET", "Supervisor.NET\Supervisor.NET.csproj", "{5E291DFE-B6B9-4999-8BD0-E26840462240}"
EndProject
Project("{FAE04EC0-301F-11D3-BF4B-00C04F79EFBC}") = "ToastNotifications", "ToastNotifications\ToastNotifications.csproj", "{380D8D88-386C-4C50-9A54-800F79FDF7D2}"
EndProject
Global
	GlobalSection(SolutionConfigurationPlatforms) = preSolution
		Debug|Any CPU = Debug|Any CPU
		Debug|x86 = Debug|x86
		Release|Any CPU = Release|Any CPU
		Release|x86 = Release|x86
	EndGlobalSection
	GlobalSection(ProjectConfigurationPlatforms) = postSolution
		{5E291DFE-B6B9-4999-8BD0-E26840462240}.Debug|Any CPU.ActiveCfg = Debug|Any CPU
		{5E291DFE-B6B9-4999-8BD0-E26840462240}.Debug|Any CPU.Build.0 = Debug|Any CPU
		{5E291DFE-B6B9-4999-8BD0-E26840462240}.Debug|x86.ActiveCfg = Debug|Any CPU
		{5E291DFE-B6B9-4999-8BD0-E26840462240}.Debug|x86.Build.0 = Debug|Any CPU
		{5E291DFE-B6B9-4999-8BD0-E26840462240}.Release|Any CPU.ActiveCfg = Release|Any CPU
		{5E291DFE-B6B9-4999-8BD0-E26840462240}.Release|Any CPU.Build.0 = Release|Any CPU
		{5E291DFE-B6B9-4999-8BD0-E26840462240}.Release|x86.ActiveCfg = Release|Any CPU
		{5E291DFE-B6B9-4999-8BD0-E26840462240}.Release|x86.Build.0 = Release|Any CPU
		{380D8D88-386C-4C50-9A54-800F79FDF7D2}.Debug|Any CPU.ActiveCfg = Debug|Any CPU
		{380D8D88-386C-4C50-9A54-800F79FDF7D2}.Debug|Any CPU.Build.0 = Debug|Any CPU
		{380D8D88-386C-4C50-9A54-800F79FDF7D2}.Debug|x86.ActiveCfg = Debug|Any CPU
		{380D8D88-386C-4C50-9A54-800F79FDF7D2}.Debug|x86.Build.0 = Debug|Any CPU
		{380D8D88-386C-4C50-9A54-800F79FDF7D2}.Release|Any CPU.ActiveCfg = Release|Any CPU
		{380D8D88-386C-4C50-9A54-800F79FDF7D2}.Release|Any CPU.Build.0 = Release|Any CPU
		{380D8D88-386C-4C50-9A54-800F79FDF7D2}.Release|x86.ActiveCfg = Release|Any CPU
		{380D8D88-386C-4C50-9A54-800F79FDF7D2}.Release|x86.Build.0 = Release|Any CPU
	EndGlobalSection
	GlobalSection(SolutionProperties) = preSolution
		HideSolutionNode = FALSE
	EndGlobalSection
	GlobalSection(ExtensibilityGlobals) = postSolution
		SolutionGuid = {8C880C49-1545-4431-9F25-8F91BE2CAD3B}
	EndGlobalSection
EndGlobal
